
Microsoft Visual Studio Solution File, Format Version 12.00
# Visual Studio Version 17
VisualStudioVersion = 17.12.35527.113
MinimumVisualStudioVersion = 10.0.40219.1
Project("{FAE04EC0-301F-11D3-BF4B-00C04F79EFBC}") = "MTODotNetTrainingBatch1", "MTODotNetTranningBatch1\MTODotNetTrainingBatch1.csproj", "{A55DB712-25EF-44CC-868B-CA594C425569}"
EndProject
Project("{FAE04EC0-301F-11D3-BF4B-00C04F79EFBC}") = "MTODotNetTrainingBatch1.InventoryManagementSystemConsoleApp", "MTODotNetTrainingBatch1.ProductConsoleApp\MTODotNetTrainingBatch1.InventoryManagementSystemConsoleApp.csproj", "{1B79EFAC-50F5-4ED9-9D84-FF1627D6DF8F}"
EndProject
Project("{FAE04EC0-301F-11D3-BF4B-00C04F79EFBC}") = "MTODotNetTrainingBatch1.DBConnectConsoleApp", "MTODotNetTrainingBatch1.DBConnectConsoleApp\MTODotNetTrainingBatch1.DBConnectConsoleApp.csproj", "{5DCBB9F2-1841-4A8F-B9DF-8ECE48C128D1}"
EndProject
Project("{2150E333-8FDC-42A3-9474-1A3956D46DE8}") = "Solution Items", "Solution Items", "{12941A3E-8A95-45D5-95B6-6D7EBABCD162}"
	ProjectSection(SolutionItems) = preProject
		README.md = README.md
	EndProjectSection
EndProject
Project("{FAE04EC0-301F-11D3-BF4B-00C04F79EFBC}") = "MTODotNetTrainingBatch1.WinFormsApp1", "MTODotNetTrainingBatch1.WinFormsApp1\MTODotNetTrainingBatch1.WinFormsApp1.csproj", "{0C4860B9-AB66-426B-8652-055BB3F81FC7}"
EndProject
Project("{FAE04EC0-301F-11D3-BF4B-00C04F79EFBC}") = "MTODotNetTrainingBatch1.Shared", "MTODotNetTrainingBatch1.Shared\MTODotNetTrainingBatch1.Shared.csproj", "{3D98D13E-650D-45A4-819B-D4705CB3BB9A}"
EndProject
Project("{FAE04EC0-301F-11D3-BF4B-00C04F79EFBC}") = "MTODotNetTrainingBatch1.ConsoleApp3", "MTODotNetTrainingBatch1.ConsoleApp3\MTODotNetTrainingBatch1.ConsoleApp3.csproj", "{DE34BBEB-1729-4E74-97D9-901354503917}"
EndProject
Project("{FAE04EC0-301F-11D3-BF4B-00C04F79EFBC}") = "MTODotNetTrainingBatch1.DbShared", "MTODotNetTrainingBatch1.DbShared\MTODotNetTrainingBatch1.DbShared.csproj", "{3B4D8599-4F56-4256-8FFF-3B4B51B5C28E}"
EndProject
Project("{FAE04EC0-301F-11D3-BF4B-00C04F79EFBC}") = "MTODotNetTrainingBatch1.WebApplication1", "MTODotNetTrainingBatch1.WebApplication1\MTODotNetTrainingBatch1.WebApplication1.csproj", "{A2DB1434-4BC5-4C35-9811-50008189BCA0}"
EndProject
Project("{2150E333-8FDC-42A3-9474-1A3956D46DE8}") = "Project1", "Project1", "{1572BF8F-D698-408C-8B97-A5FA2EF7E689}"
EndProject
Project("{FAE04EC0-301F-11D3-BF4B-00C04F79EFBC}") = "MTODotNetTrainingBatch1.Project1.Database", "MTODotNetTrainingBatch1.Project1.Database\MTODotNetTrainingBatch1.Project1.Database.csproj", "{EF2E2510-8062-4448-8574-FF1E52C048B6}"
EndProject
Project("{FAE04EC0-301F-11D3-BF4B-00C04F79EFBC}") = "MTODotNetTrainingBatch1.Project1.WebApplication1", "MTODotNetTrainingBatch1.Project1.WebApplication1\MTODotNetTrainingBatch1.Project1.WebApplication1.csproj", "{030DD14E-CE14-496F-BB67-0CB09875B499}"
EndProject
Project("{FAE04EC0-301F-11D3-BF4B-00C04F79EFBC}") = "MTODotNetTrainingBatch1.Project1.Domain", "MTODotNetTrainingBatch1.Project1.Domain\MTODotNetTrainingBatch1.Project1.Domain.csproj", "{3141ADBA-8C84-4B2D-9B97-2912090413BC}"
EndProject
Project("{2150E333-8FDC-42A3-9474-1A3956D46DE8}") = "Project2", "Project2", "{FDFC7303-6D02-433C-99EF-D38B5042CF9F}"
EndProject
Project("{FAE04EC0-301F-11D3-BF4B-00C04F79EFBC}") = "MTODotNetTrainingBatch1.Project2.Database", "MTODotNetTrainingBatch1.Project2.Database\MTODotNetTrainingBatch1.Project2.Database.csproj", "{582E42A6-91AB-409F-A7A4-0E8106E11F04}"
EndProject
Project("{FAE04EC0-301F-11D3-BF4B-00C04F79EFBC}") = "MTODotNetTrainingBatch1.Project2.WebApplication1", "MTODotNetTrainingBatch1.Project2.WebApplication1\MTODotNetTrainingBatch1.Project2.WebApplication1.csproj", "{1B65F7F6-E9AC-4505-A03F-B8529C542C5E}"
EndProject
Project("{FAE04EC0-301F-11D3-BF4B-00C04F79EFBC}") = "MTODotNetTrainingBatch1.MVCApp", "MTODotNetTrainingBatch1.MVCApp\MTODotNetTrainingBatch1.MVCApp.csproj", "{5412F8AE-C533-414C-A405-5D4517C89DF5}"
EndProject
Project("{FAE04EC0-301F-11D3-BF4B-00C04F79EFBC}") = "MTODotNetTrainingBatch1.MVCApp2", "MTODotNetTrainingBatch1.MVCApp2\MTODotNetTrainingBatch1.MVCApp2.csproj", "{7E6DB1C5-0894-4921-952B-010355361887}"
EndProject
Project("{2150E333-8FDC-42A3-9474-1A3956D46DE8}") = "MVC - RestApi", "MVC - RestApi", "{A5D7A230-9D11-4FDE-8768-47FF53E84FEE}"
EndProject
Project("{FAE04EC0-301F-11D3-BF4B-00C04F79EFBC}") = "MTODotNetTrainingBatch1.MvcApiExample.MVCApp", "MTODotNetTrainingBatch1.MvcApiExample.MVCApp\MTODotNetTrainingBatch1.MvcApiExample.MVCApp.csproj", "{D759E9BD-3BF9-499A-B9EE-7F5FAD31EEC7}"
EndProject
Project("{FAE04EC0-301F-11D3-BF4B-00C04F79EFBC}") = "MTODotNetTrainingBatch1.MvcApiExample.DatabaseShared", "MTODotNetTrainingBatch1.MvcApiExample.DatabaseShared\MTODotNetTrainingBatch1.MvcApiExample.DatabaseShared.csproj", "{5B80D767-77F8-417E-BFA9-B4CCC96BD3A5}"
EndProject
Project("{FAE04EC0-301F-11D3-BF4B-00C04F79EFBC}") = "MTODotNetTrainingBatch1.MvcApiExample.RestApi1", "MTODotNetTrainingBatch1.MvcApiExample.RestApi1\MTODotNetTrainingBatch1.MvcApiExample.RestApi1.csproj", "{EF4F30A7-514A-4FAE-A165-947F6C2626A8}"
EndProject
Global
	GlobalSection(SolutionConfigurationPlatforms) = preSolution
		Debug|Any CPU = Debug|Any CPU
		Release|Any CPU = Release|Any CPU
	EndGlobalSection
	GlobalSection(ProjectConfigurationPlatforms) = postSolution
		{A55DB712-25EF-44CC-868B-CA594C425569}.Debug|Any CPU.ActiveCfg = Debug|Any CPU
		{A55DB712-25EF-44CC-868B-CA594C425569}.Debug|Any CPU.Build.0 = Debug|Any CPU
		{A55DB712-25EF-44CC-868B-CA594C425569}.Release|Any CPU.ActiveCfg = Release|Any CPU
		{A55DB712-25EF-44CC-868B-CA594C425569}.Release|Any CPU.Build.0 = Release|Any CPU
		{1B79EFAC-50F5-4ED9-9D84-FF1627D6DF8F}.Debug|Any CPU.ActiveCfg = Debug|Any CPU
		{1B79EFAC-50F5-4ED9-9D84-FF1627D6DF8F}.Debug|Any CPU.Build.0 = Debug|Any CPU
		{1B79EFAC-50F5-4ED9-9D84-FF1627D6DF8F}.Release|Any CPU.ActiveCfg = Release|Any CPU
		{1B79EFAC-50F5-4ED9-9D84-FF1627D6DF8F}.Release|Any CPU.Build.0 = Release|Any CPU
		{5DCBB9F2-1841-4A8F-B9DF-8ECE48C128D1}.Debug|Any CPU.ActiveCfg = Debug|Any CPU
		{5DCBB9F2-1841-4A8F-B9DF-8ECE48C128D1}.Debug|Any CPU.Build.0 = Debug|Any CPU
		{5DCBB9F2-1841-4A8F-B9DF-8ECE48C128D1}.Release|Any CPU.ActiveCfg = Release|Any CPU
		{5DCBB9F2-1841-4A8F-B9DF-8ECE48C128D1}.Release|Any CPU.Build.0 = Release|Any CPU
		{0C4860B9-AB66-426B-8652-055BB3F81FC7}.Debug|Any CPU.ActiveCfg = Debug|Any CPU
		{0C4860B9-AB66-426B-8652-055BB3F81FC7}.Debug|Any CPU.Build.0 = Debug|Any CPU
		{0C4860B9-AB66-426B-8652-055BB3F81FC7}.Release|Any CPU.ActiveCfg = Release|Any CPU
		{0C4860B9-AB66-426B-8652-055BB3F81FC7}.Release|Any CPU.Build.0 = Release|Any CPU
		{3D98D13E-650D-45A4-819B-D4705CB3BB9A}.Debug|Any CPU.ActiveCfg = Debug|Any CPU
		{3D98D13E-650D-45A4-819B-D4705CB3BB9A}.Debug|Any CPU.Build.0 = Debug|Any CPU
		{3D98D13E-650D-45A4-819B-D4705CB3BB9A}.Release|Any CPU.ActiveCfg = Release|Any CPU
		{3D98D13E-650D-45A4-819B-D4705CB3BB9A}.Release|Any CPU.Build.0 = Release|Any CPU
		{DE34BBEB-1729-4E74-97D9-901354503917}.Debug|Any CPU.ActiveCfg = Debug|Any CPU
		{DE34BBEB-1729-4E74-97D9-901354503917}.Debug|Any CPU.Build.0 = Debug|Any CPU
		{DE34BBEB-1729-4E74-97D9-901354503917}.Release|Any CPU.ActiveCfg = Release|Any CPU
		{DE34BBEB-1729-4E74-97D9-901354503917}.Release|Any CPU.Build.0 = Release|Any CPU
		{3B4D8599-4F56-4256-8FFF-3B4B51B5C28E}.Debug|Any CPU.ActiveCfg = Debug|Any CPU
		{3B4D8599-4F56-4256-8FFF-3B4B51B5C28E}.Debug|Any CPU.Build.0 = Debug|Any CPU
		{3B4D8599-4F56-4256-8FFF-3B4B51B5C28E}.Release|Any CPU.ActiveCfg = Release|Any CPU
		{3B4D8599-4F56-4256-8FFF-3B4B51B5C28E}.Release|Any CPU.Build.0 = Release|Any CPU
		{A2DB1434-4BC5-4C35-9811-50008189BCA0}.Debug|Any CPU.ActiveCfg = Debug|Any CPU
		{A2DB1434-4BC5-4C35-9811-50008189BCA0}.Debug|Any CPU.Build.0 = Debug|Any CPU
		{A2DB1434-4BC5-4C35-9811-50008189BCA0}.Release|Any CPU.ActiveCfg = Release|Any CPU
		{A2DB1434-4BC5-4C35-9811-50008189BCA0}.Release|Any CPU.Build.0 = Release|Any CPU
		{EF2E2510-8062-4448-8574-FF1E52C048B6}.Debug|Any CPU.ActiveCfg = Debug|Any CPU
		{EF2E2510-8062-4448-8574-FF1E52C048B6}.Debug|Any CPU.Build.0 = Debug|Any CPU
		{EF2E2510-8062-4448-8574-FF1E52C048B6}.Release|Any CPU.ActiveCfg = Release|Any CPU
		{EF2E2510-8062-4448-8574-FF1E52C048B6}.Release|Any CPU.Build.0 = Release|Any CPU
		{030DD14E-CE14-496F-BB67-0CB09875B499}.Debug|Any CPU.ActiveCfg = Debug|Any CPU
		{030DD14E-CE14-496F-BB67-0CB09875B499}.Debug|Any CPU.Build.0 = Debug|Any CPU
		{030DD14E-CE14-496F-BB67-0CB09875B499}.Release|Any CPU.ActiveCfg = Release|Any CPU
		{030DD14E-CE14-496F-BB67-0CB09875B499}.Release|Any CPU.Build.0 = Release|Any CPU
		{3141ADBA-8C84-4B2D-9B97-2912090413BC}.Debug|Any CPU.ActiveCfg = Debug|Any CPU
		{3141ADBA-8C84-4B2D-9B97-2912090413BC}.Debug|Any CPU.Build.0 = Debug|Any CPU
		{3141ADBA-8C84-4B2D-9B97-2912090413BC}.Release|Any CPU.ActiveCfg = Release|Any CPU
		{3141ADBA-8C84-4B2D-9B97-2912090413BC}.Release|Any CPU.Build.0 = Release|Any CPU
		{582E42A6-91AB-409F-A7A4-0E8106E11F04}.Debug|Any CPU.ActiveCfg = Debug|Any CPU
		{582E42A6-91AB-409F-A7A4-0E8106E11F04}.Debug|Any CPU.Build.0 = Debug|Any CPU
		{582E42A6-91AB-409F-A7A4-0E8106E11F04}.Release|Any CPU.ActiveCfg = Release|Any CPU
		{582E42A6-91AB-409F-A7A4-0E8106E11F04}.Release|Any CPU.Build.0 = Release|Any CPU
		{1B65F7F6-E9AC-4505-A03F-B8529C542C5E}.Debug|Any CPU.ActiveCfg = Debug|Any CPU
		{1B65F7F6-E9AC-4505-A03F-B8529C542C5E}.Debug|Any CPU.Build.0 = Debug|Any CPU
		{1B65F7F6-E9AC-4505-A03F-B8529C542C5E}.Release|Any CPU.ActiveCfg = Release|Any CPU
		{1B65F7F6-E9AC-4505-A03F-B8529C542C5E}.Release|Any CPU.Build.0 = Release|Any CPU
		{5412F8AE-C533-414C-A405-5D4517C89DF5}.Debug|Any CPU.ActiveCfg = Debug|Any CPU
		{5412F8AE-C533-414C-A405-5D4517C89DF5}.Debug|Any CPU.Build.0 = Debug|Any CPU
		{5412F8AE-C533-414C-A405-5D4517C89DF5}.Release|Any CPU.ActiveCfg = Release|Any CPU
		{5412F8AE-C533-414C-A405-5D4517C89DF5}.Release|Any CPU.Build.0 = Release|Any CPU
		{7E6DB1C5-0894-4921-952B-010355361887}.Debug|Any CPU.ActiveCfg = Debug|Any CPU
		{7E6DB1C5-0894-4921-952B-010355361887}.Debug|Any CPU.Build.0 = Debug|Any CPU
		{7E6DB1C5-0894-4921-952B-010355361887}.Release|Any CPU.ActiveCfg = Release|Any CPU
		{7E6DB1C5-0894-4921-952B-010355361887}.Release|Any CPU.Build.0 = Release|Any CPU
		{D759E9BD-3BF9-499A-B9EE-7F5FAD31EEC7}.Debug|Any CPU.ActiveCfg = Debug|Any CPU
		{D759E9BD-3BF9-499A-B9EE-7F5FAD31EEC7}.Debug|Any CPU.Build.0 = Debug|Any CPU
		{D759E9BD-3BF9-499A-B9EE-7F5FAD31EEC7}.Release|Any CPU.ActiveCfg = Release|Any CPU
		{D759E9BD-3BF9-499A-B9EE-7F5FAD31EEC7}.Release|Any CPU.Build.0 = Release|Any CPU
		{5B80D767-77F8-417E-BFA9-B4CCC96BD3A5}.Debug|Any CPU.ActiveCfg = Debug|Any CPU
		{5B80D767-77F8-417E-BFA9-B4CCC96BD3A5}.Debug|Any CPU.Build.0 = Debug|Any CPU
		{5B80D767-77F8-417E-BFA9-B4CCC96BD3A5}.Release|Any CPU.ActiveCfg = Release|Any CPU
		{5B80D767-77F8-417E-BFA9-B4CCC96BD3A5}.Release|Any CPU.Build.0 = Release|Any CPU
		{EF4F30A7-514A-4FAE-A165-947F6C2626A8}.Debug|Any CPU.ActiveCfg = Debug|Any CPU
		{EF4F30A7-514A-4FAE-A165-947F6C2626A8}.Debug|Any CPU.Build.0 = Debug|Any CPU
		{EF4F30A7-514A-4FAE-A165-947F6C2626A8}.Release|Any CPU.ActiveCfg = Release|Any CPU
		{EF4F30A7-514A-4FAE-A165-947F6C2626A8}.Release|Any CPU.Build.0 = Release|Any CPU
	EndGlobalSection
	GlobalSection(SolutionProperties) = preSolution
		HideSolutionNode = FALSE
	EndGlobalSection
	GlobalSection(NestedProjects) = preSolution
		{EF2E2510-8062-4448-8574-FF1E52C048B6} = {1572BF8F-D698-408C-8B97-A5FA2EF7E689}
		{030DD14E-CE14-496F-BB67-0CB09875B499} = {1572BF8F-D698-408C-8B97-A5FA2EF7E689}
		{3141ADBA-8C84-4B2D-9B97-2912090413BC} = {1572BF8F-D698-408C-8B97-A5FA2EF7E689}
		{582E42A6-91AB-409F-A7A4-0E8106E11F04} = {FDFC7303-6D02-433C-99EF-D38B5042CF9F}
		{1B65F7F6-E9AC-4505-A03F-B8529C542C5E} = {FDFC7303-6D02-433C-99EF-D38B5042CF9F}
		{D759E9BD-3BF9-499A-B9EE-7F5FAD31EEC7} = {A5D7A230-9D11-4FDE-8768-47FF53E84FEE}
		{5B80D767-77F8-417E-BFA9-B4CCC96BD3A5} = {A5D7A230-9D11-4FDE-8768-47FF53E84FEE}
		{EF4F30A7-514A-4FAE-A165-947F6C2626A8} = {A5D7A230-9D11-4FDE-8768-47FF53E84FEE}
	EndGlobalSection
EndGlobal
