
Microsoft Visual Studio Solution File, Format Version 12.00
# Visual Studio Version 17
VisualStudioVersion = 17.12.35527.113
MinimumVisualStudioVersion = 10.0.40219.1
Project("{FAE04EC0-301F-11D3-BF4B-00C04F79EFBC}") = "MTODotNetTrainingBatch1", "MTODotNetTranningBatch1\MTODotNetTrainingBatch1.csproj", "{A55DB712-25EF-44CC-868B-CA594C425569}"
EndProject
Project("{FAE04EC0-301F-11D3-BF4B-00C04F79EFBC}") = "MTODotNetTrainingBatch1.InventoryManagementSystemConsoleApp", "MTODotNetTrainingBatch1.ProductConsoleApp\MTODotNetTrainingBatch1.InventoryManagementSystemConsoleApp.csproj", "{1B79EFAC-50F5-4ED9-9D84-FF1627D6DF8F}"
EndProject
Global
	GlobalSection(SolutionConfigurationPlatforms) = preSolution
		Debug|Any CPU = Debug|Any CPU
		Release|Any CPU = Release|Any CPU
	EndGlobalSection
	GlobalSection(ProjectConfigurationPlatforms) = postSolution
		{A55DB712-25EF-44CC-868B-CA594C425569}.Debug|Any CPU.ActiveCfg = Debug|Any CPU
		{A55DB712-25EF-44CC-868B-CA594C425569}.Debug|Any CPU.Build.0 = Debug|Any CPU
		{A55DB712-25EF-44CC-868B-CA594C425569}.Release|Any CPU.ActiveCfg = Release|Any CPU
		{A55DB712-25EF-44CC-868B-CA594C425569}.Release|Any CPU.Build.0 = Release|Any CPU
		{1B79EFAC-50F5-4ED9-9D84-FF1627D6DF8F}.Debug|Any CPU.ActiveCfg = Debug|Any CPU
		{1B79EFAC-50F5-4ED9-9D84-FF1627D6DF8F}.Debug|Any CPU.Build.0 = Debug|Any CPU
		{1B79EFAC-50F5-4ED9-9D84-FF1627D6DF8F}.Release|Any CPU.ActiveCfg = Release|Any CPU
		{1B79EFAC-50F5-4ED9-9D84-FF1627D6DF8F}.Release|Any CPU.Build.0 = Release|Any CPU
	EndGlobalSection
	GlobalSection(SolutionProperties) = preSolution
		HideSolutionNode = FALSE
	EndGlobalSection
EndGlobal
